{
  "name": "netlifymahalu",
  "version": "1.0.0",
  "lockfileVersion": 3,
  "requires": true,
  "packages": {
    "": {
      "name": "netlifymahalu",
      "version": "1.0.0",
      "license": "ISC",
      "dependencies": {
        "@netlify/functions": "^5.0.1"
      },
      "devDependencies": {
        "typescript": "^5.9.3"
      }
    },
    "node_modules/@netlify/functions": {
      "version": "5.0.1",
      "resolved": "https://registry.npmjs.org/@netlify/functions/-/functions-5.0.1.tgz",
      "integrity": "sha512-olCwsnp0GDpjSYPfWrtUIvOsZcrRta6lxwZWfl3XxucXOw5AcGDKSqKGRElzyyZoRA8OXVh5B5NHj5Jd4PRx+A==",
      "license": "MIT",
      "dependencies": {
        "@netlify/types": "2.1.0"
      },
      "engines": {
        "node": ">=18.0.0"
      }
    },
    "node_modules/@netlify/types": {
      "version": "2.1.0",
      "resolved": "https://registry.npmjs.org/@netlify/types/-/types-2.1.0.tgz",
      "integrity": "sha512-ktUb5d58pt1lQGXO5E9S0F1ljM0g+CoQuGTVII0IxBc0apmPq5RI0o3OWLY7U3ZERRiYTg5UfjiMihBEzuZsuw==",
      "license": "MIT",
      "engines": {
        "node": "^18.14.0 || >=20"
      }
    },
    "node_modules/typescript": {
      "version": "5.9.3",
      "resolved": "https://registry.npmjs.org/typescript/-/typescript-5.9.3.tgz",
      "integrity": "sha512-jl1vZzPDinLr9eUt3J/t7V6FgNEw9QjvBPdysz9KfQDD41fQrC2Y4vKQdiaUpFT4bXlb1RHhLpp8wtm6M5TgSw==",
      "dev": true,
      "license": "Apache-2.0",
      "bin": {
        "tsc": "bin/tsc",
        "tsserver": "bin/tsserver"
      },
      "engines": {
        "node": ">=14.17"
      }
    }
  }
}
